{
  "version": 4,
  "terraform_version": "1.1.9",
  "serial": 56,
  "lineage": "4f7dd3f5-b224-8069-f7ef-be0915c2a5b7",
  "outputs": {
    "develop_git_url": {
      "value": "https://git.heroku.com/dev-terraform-example.git",
      "type": "string"
    },
    "production_git_url": {
      "value": "https://git.heroku.com/prod-terraform-example.git",
      "type": "string"
    },
    "staging_git_url": {
      "value": "https://git.heroku.com/staging-terraform-example.git",
      "type": "string"
    }
  },
  "resources": [
    {
      "mode": "managed",
      "type": "heroku_addon",
      "name": "develop",
      "provider": "provider[\"registry.terraform.io/heroku/heroku\"]",
      "instances": [
        {
          "schema_version": 3,
          "attributes": {
            "app_id": "ea75991f-679e-4da1-b708-b828f7224fc4",
            "config": null,
            "config_var_values": {
              "DATABASE_URL": "postgres://kkfnzvznoyahms:695e4f38f555cf13db58c5ddf6faeec883121d8e5e0fa3a04ca39499beaf0983@ec2-3-248-121-12.eu-west-1.compute.amazonaws.com:5432/d2s1gsjpiogam5"
            },
            "config_vars": [
              "DATABASE_URL"
            ],
            "id": "47a49435-031d-43f0-8aaa-3b587d56c6d7",
            "name": "postgresql-symmetrical-82509",
            "plan": "heroku-postgresql:hobby-dev",
            "provider_id": "27681256"
          },
          "sensitive_attributes": [],
          "private": "eyJzY2hlbWFfdmVyc2lvbiI6IjMifQ==",
          "dependencies": [
            "heroku_app.develop"
          ]
        }
      ]
    },
    {
      "mode": "managed",
      "type": "heroku_addon",
      "name": "production",
      "provider": "provider[\"registry.terraform.io/heroku/heroku\"]",
      "instances": [
        {
          "schema_version": 3,
          "attributes": {
            "app_id": "fe4fdea3-6c48-4683-987b-ece5d74c92fc",
            "config": null,
            "config_var_values": {
              "DATABASE_URL": "postgres://gnlodexsofwjdk:954215d50e0e204ce02e8ebfc69d13466a3a86953bb34a3b852c6915fdb1e76d@ec2-3-248-121-12.eu-west-1.compute.amazonaws.com:5432/d4of4sdc8ngjl0"
            },
            "config_vars": [
              "DATABASE_URL"
            ],
            "id": "dad55b72-cbad-4005-9ab9-0e3fb9a2d598",
            "name": "postgresql-concentric-71240",
            "plan": "heroku-postgresql:hobby-dev",
            "provider_id": "27681257"
          },
          "sensitive_attributes": [],
          "private": "eyJzY2hlbWFfdmVyc2lvbiI6IjMifQ==",
          "dependencies": [
            "heroku_app.production"
          ]
        }
      ]
    },
    {
      "mode": "managed",
      "type": "heroku_addon",
      "name": "staging",
      "provider": "provider[\"registry.terraform.io/heroku/heroku\"]",
      "instances": [
        {
          "schema_version": 3,
          "attributes": {
            "app_id": "70d5342c-4e49-4b51-9824-f13241f0559c",
            "config": null,
            "config_var_values": {
              "DATABASE_URL": "postgres://jtwrxwqmiljjtf:bc841aec31a237255a40d549f37566085a4e325e941cdaeec1709d7bebb3c76a@ec2-3-248-121-12.eu-west-1.compute.amazonaws.com:5432/dalijs3pvnjuke"
            },
            "config_vars": [
              "DATABASE_URL"
            ],
            "id": "944974ea-ee1c-457a-a758-8014939fb4f3",
            "name": "postgresql-rigid-45792",
            "plan": "heroku-postgresql:hobby-dev",
            "provider_id": "27681255"
          },
          "sensitive_attributes": [],
          "private": "eyJzY2hlbWFfdmVyc2lvbiI6IjMifQ==",
          "dependencies": [
            "heroku_app.staging"
          ]
        }
      ]
    },
    {
      "mode": "managed",
      "type": "heroku_app",
      "name": "develop",
      "provider": "provider[\"registry.terraform.io/heroku/heroku\"]",
      "instances": [
        {
          "schema_version": 1,
          "attributes": {
            "acm": false,
            "all_config_vars": {
              "APP_ENV": "develop"
            },
            "buildpacks": [
              "heroku/java"
            ],
            "config_vars": {
              "APP_ENV": "develop"
            },
            "git_url": "https://git.heroku.com/dev-terraform-example.git",
            "heroku_hostname": "dev-terraform-example.herokuapp.com",
            "id": "ea75991f-679e-4da1-b708-b828f7224fc4",
            "internal_routing": false,
            "name": "dev-terraform-example",
            "organization": [],
            "region": "eu",
            "sensitive_config_vars": {},
            "space": null,
            "stack": "heroku-20",
            "uuid": "ea75991f-679e-4da1-b708-b828f7224fc4",
            "web_url": "https://dev-terraform-example.herokuapp.com/"
          },
          "sensitive_attributes": [],
          "private": "eyJzY2hlbWFfdmVyc2lvbiI6IjEifQ=="
        }
      ]
    },
    {
      "mode": "managed",
      "type": "heroku_app",
      "name": "production",
      "provider": "provider[\"registry.terraform.io/heroku/heroku\"]",
      "instances": [
        {
          "schema_version": 1,
          "attributes": {
            "acm": false,
            "all_config_vars": {
              "APP_ENV": "production"
            },
            "buildpacks": [
              "heroku/java"
            ],
            "config_vars": {
              "APP_ENV": "production"
            },
            "git_url": "https://git.heroku.com/prod-terraform-example.git",
            "heroku_hostname": "prod-terraform-example.herokuapp.com",
            "id": "fe4fdea3-6c48-4683-987b-ece5d74c92fc",
            "internal_routing": false,
            "name": "prod-terraform-example",
            "organization": [],
            "region": "eu",
            "sensitive_config_vars": {},
            "space": null,
            "stack": "heroku-20",
            "uuid": "fe4fdea3-6c48-4683-987b-ece5d74c92fc",
            "web_url": "https://prod-terraform-example.herokuapp.com/"
          },
          "sensitive_attributes": [],
          "private": "eyJzY2hlbWFfdmVyc2lvbiI6IjEifQ=="
        }
      ]
    },
    {
      "mode": "managed",
      "type": "heroku_app",
      "name": "staging",
      "provider": "provider[\"registry.terraform.io/heroku/heroku\"]",
      "instances": [
        {
          "schema_version": 1,
          "attributes": {
            "acm": false,
            "all_config_vars": {
              "APP_ENV": "staging"
            },
            "buildpacks": [
              "heroku/java"
            ],
            "config_vars": {
              "APP_ENV": "staging"
            },
            "git_url": "https://git.heroku.com/staging-terraform-example.git",
            "heroku_hostname": "staging-terraform-example.herokuapp.com",
            "id": "70d5342c-4e49-4b51-9824-f13241f0559c",
            "internal_routing": false,
            "name": "staging-terraform-example",
            "organization": [],
            "region": "eu",
            "sensitive_config_vars": {},
            "space": null,
            "stack": "heroku-20",
            "uuid": "70d5342c-4e49-4b51-9824-f13241f0559c",
            "web_url": "https://staging-terraform-example.herokuapp.com/"
          },
          "sensitive_attributes": [],
          "private": "eyJzY2hlbWFfdmVyc2lvbiI6IjEifQ=="
        }
      ]
    },
    {
      "mode": "managed",
      "type": "heroku_pipeline",
      "name": "pipeline",
      "provider": "provider[\"registry.terraform.io/heroku/heroku\"]",
      "instances": [
        {
          "schema_version": 0,
          "attributes": {
            "id": "ecef2b1a-0f1c-4295-b132-9ff982deba4a",
            "name": "heroku-terraform",
            "owner": [
              {
                "id": "54ca91c6-dae3-4f57-a0bc-62455197b619",
                "type": "user"
              }
            ]
          },
          "sensitive_attributes": [],
          "private": "bnVsbA=="
        }
      ]
    },
    {
      "mode": "managed",
      "type": "heroku_pipeline_coupling",
      "name": "develop",
      "provider": "provider[\"registry.terraform.io/heroku/heroku\"]",
      "instances": [
        {
          "schema_version": 1,
          "attributes": {
            "app_id": "ea75991f-679e-4da1-b708-b828f7224fc4",
            "id": "fa0c4e32-3426-41e2-8964-dbbd9615628e",
            "pipeline": "ecef2b1a-0f1c-4295-b132-9ff982deba4a",
            "stage": "development"
          },
          "sensitive_attributes": [],
          "private": "eyJzY2hlbWFfdmVyc2lvbiI6IjEifQ==",
          "dependencies": [
            "heroku_app.develop",
            "heroku_pipeline.pipeline"
          ]
        }
      ]
    },
    {
      "mode": "managed",
      "type": "heroku_pipeline_coupling",
      "name": "production",
      "provider": "provider[\"registry.terraform.io/heroku/heroku\"]",
      "instances": [
        {
          "schema_version": 1,
          "attributes": {
            "app_id": "fe4fdea3-6c48-4683-987b-ece5d74c92fc",
            "id": "71bbc3ea-5c56-4d1b-b9c2-b9c243b46d86",
            "pipeline": "ecef2b1a-0f1c-4295-b132-9ff982deba4a",
            "stage": "production"
          },
          "sensitive_attributes": [],
          "private": "eyJzY2hlbWFfdmVyc2lvbiI6IjEifQ==",
          "dependencies": [
            "heroku_app.production",
            "heroku_pipeline.pipeline"
          ]
        }
      ]
    },
    {
      "mode": "managed",
      "type": "heroku_pipeline_coupling",
      "name": "staging",
      "provider": "provider[\"registry.terraform.io/heroku/heroku\"]",
      "instances": [
        {
          "schema_version": 1,
          "attributes": {
            "app_id": "70d5342c-4e49-4b51-9824-f13241f0559c",
            "id": "7f45c17d-b7de-4a4f-9f08-e063e5a76876",
            "pipeline": "ecef2b1a-0f1c-4295-b132-9ff982deba4a",
            "stage": "staging"
          },
          "sensitive_attributes": [],
          "private": "eyJzY2hlbWFfdmVyc2lvbiI6IjEifQ==",
          "dependencies": [
            "heroku_app.staging",
            "heroku_pipeline.pipeline"
          ]
        }
      ]
    }
  ]
}
